
Microsoft Visual Studio Solution File, Format Version 12.00
# Visual Studio 14
VisualStudioVersion = 14.0.23107.0
MinimumVisualStudioVersion = 10.0.40219.1
Project("{FAE04EC0-301F-11D3-BF4B-00C04F79EFBC}") = "TextConverter", "TextConverter.csproj", "{C9DC51F8-04F9-41DC-B161-C7C54497BB84}"
EndProject
Project("{FAE04EC0-301F-11D3-BF4B-00C04F79EFBC}") = "Tests", "..\UnitTestProject1\Tests.csproj", "{AF61BF2E-135F-49F8-906B-9EFFAC3FC135}"
EndProject
Global
	GlobalSection(SolutionConfigurationPlatforms) = preSolution
		Debug|Any CPU = Debug|Any CPU
		Release|Any CPU = Release|Any CPU
	EndGlobalSection
	GlobalSection(ProjectConfigurationPlatforms) = postSolution
		{C9DC51F8-04F9-41DC-B161-C7C54497BB84}.Debug|Any CPU.ActiveCfg = Debug|Any CPU
		{C9DC51F8-04F9-41DC-B161-C7C54497BB84}.Debug|Any CPU.Build.0 = Debug|Any CPU
		{C9DC51F8-04F9-41DC-B161-C7C54497BB84}.Release|Any CPU.ActiveCfg = Release|Any CPU
		{C9DC51F8-04F9-41DC-B161-C7C54497BB84}.Release|Any CPU.Build.0 = Release|Any CPU
		{AF61BF2E-135F-49F8-906B-9EFFAC3FC135}.Debug|Any CPU.ActiveCfg = Debug|Any CPU
		{AF61BF2E-135F-49F8-906B-9EFFAC3FC135}.Debug|Any CPU.Build.0 = Debug|Any CPU
		{AF61BF2E-135F-49F8-906B-9EFFAC3FC135}.Release|Any CPU.ActiveCfg = Release|Any CPU
		{AF61BF2E-135F-49F8-906B-9EFFAC3FC135}.Release|Any CPU.Build.0 = Release|Any CPU
	EndGlobalSection
	GlobalSection(SolutionProperties) = preSolution
		HideSolutionNode = FALSE
	EndGlobalSection
EndGlobal
